
Microsoft Visual Studio Solution File, Format Version 12.00
# Visual Studio 15
VisualStudioVersion = 15.0.26430.6
MinimumVisualStudioVersion = 10.0.40219.1
Project("{FAE04EC0-301F-11D3-BF4B-00C04F79EFBC}") = "SYMVC", "SYMVC\SYMVC.csproj", "{3DC03AF8-F6A1-4A20-B9B3-7E6B97218B75}"
EndProject
Project("{FAE04EC0-301F-11D3-BF4B-00C04F79EFBC}") = "SYMVC.Tests", "SYMVC.Tests\SYMVC.Tests.csproj", "{862B3EBD-8538-4057-AE7D-745816AC815F}"
EndProject
Global
	GlobalSection(SolutionConfigurationPlatforms) = preSolution
		Debug|Any CPU = Debug|Any CPU
		Release|Any CPU = Release|Any CPU
	EndGlobalSection
	GlobalSection(ProjectConfigurationPlatforms) = postSolution
		{3DC03AF8-F6A1-4A20-B9B3-7E6B97218B75}.Debug|Any CPU.ActiveCfg = Debug|Any CPU
		{3DC03AF8-F6A1-4A20-B9B3-7E6B97218B75}.Debug|Any CPU.Build.0 = Debug|Any CPU
		{3DC03AF8-F6A1-4A20-B9B3-7E6B97218B75}.Release|Any CPU.ActiveCfg = Release|Any CPU
		{3DC03AF8-F6A1-4A20-B9B3-7E6B97218B75}.Release|Any CPU.Build.0 = Release|Any CPU
		{862B3EBD-8538-4057-AE7D-745816AC815F}.Debug|Any CPU.ActiveCfg = Debug|Any CPU
		{862B3EBD-8538-4057-AE7D-745816AC815F}.Debug|Any CPU.Build.0 = Debug|Any CPU
		{862B3EBD-8538-4057-AE7D-745816AC815F}.Release|Any CPU.ActiveCfg = Release|Any CPU
		{862B3EBD-8538-4057-AE7D-745816AC815F}.Release|Any CPU.Build.0 = Release|Any CPU
	EndGlobalSection
	GlobalSection(SolutionProperties) = preSolution
		HideSolutionNode = FALSE
	EndGlobalSection
	GlobalSection(ExtensibilityGlobals) = postSolution
		SolutionGuid = {116A0E7B-CE34-40BC-9697-F48014F2771C}
	EndGlobalSection
EndGlobal
